
Microsoft Visual Studio Solution File, Format Version 12.00
# Visual Studio Version 17
VisualStudioVersion = 17.5.002.0
MinimumVisualStudioVersion = 10.0.40219.1
Project("{9A19103F-16F7-4668-BE54-9A1E7A4F7556}") = "CleanArchMvc.Infra.IoC", "CleanArchMvc.Infra.IoC.csproj", "{23BA642A-96EA-427F-8382-6B5DA9BACF57}"
EndProject
Global
	GlobalSection(SolutionConfigurationPlatforms) = preSolution
		Debug|Any CPU = Debug|Any CPU
		Release|Any CPU = Release|Any CPU
	EndGlobalSection
	GlobalSection(ProjectConfigurationPlatforms) = postSolution
		{23BA642A-96EA-427F-8382-6B5DA9BACF57}.Debug|Any CPU.ActiveCfg = Debug|Any CPU
		{23BA642A-96EA-427F-8382-6B5DA9BACF57}.Debug|Any CPU.Build.0 = Debug|Any CPU
		{23BA642A-96EA-427F-8382-6B5DA9BACF57}.Release|Any CPU.ActiveCfg = Release|Any CPU
		{23BA642A-96EA-427F-8382-6B5DA9BACF57}.Release|Any CPU.Build.0 = Release|Any CPU
	EndGlobalSection
	GlobalSection(SolutionProperties) = preSolution
		HideSolutionNode = FALSE
	EndGlobalSection
	GlobalSection(ExtensibilityGlobals) = postSolution
		SolutionGuid = {DC9AA274-4FAC-4D6D-BCED-DDCD944D657C}
	EndGlobalSection
EndGlobal
